PODS:
  - DeallocationChecker (2.0.1)
  - Mapbox-iOS-SDK (3.7.2)
  - MapboxGeocoder.swift (0.7.0)
  - Reusable (4.0.0):
    - Reusable/Storyboard (= 4.0.0)
    - Reusable/View (= 4.0.0)
  - Reusable/Storyboard (4.0.0)
  - Reusable/View (4.0.0)
  - RxCocoa (4.1.0):
    - RxSwift (~> 4.0)
  - RxSwift (4.1.0)
  - SwiftGen (5.2.1)
  - TPKeyboardAvoiding (1.3.2)

DEPENDENCIES:
  - DeallocationChecker (from `https://github.com/fastred/DeallocationChecker`)
  - Mapbox-iOS-SDK (~> 3.7)
  - MapboxGeocoder.swift (~> 0.7)
  - Reusable (~> 4.0)
  - RxCocoa (~> 4.0)
  - RxSwift (~> 4.0)
  - SwiftGen
  - TPKeyboardAvoiding

EXTERNAL SOURCES:
  DeallocationChecker:
    :git: https://github.com/fastred/DeallocationChecker

CHECKOUT OPTIONS:
  DeallocationChecker:
    :commit: d083a43420a59a720d9b223f5dd93a878b7bcca2
    :git: https://github.com/fastred/DeallocationChecker

SPEC CHECKSUMS:
  DeallocationChecker: e8d3576a2f141654f247ac041690de72d0f0c0c4
  Mapbox-iOS-SDK: d882f53debc26649b728755df5b7a160d9086367
  MapboxGeocoder.swift: b1277a2ca6a63c1a8edfa82871f5771075b1e015
  Reusable: 98e5fff1e0e2e00872199699b276dde08ee56c07
  RxCocoa: cc1fec49cdc8fabe645964de7c51c099a36c2aa8
  RxSwift: 4219941c1244c88002901bd87a69d3aea9ae71f0
  SwiftGen: 444b4c467e512a4812b8a800d731643fd265139e
  TPKeyboardAvoiding: cb69d5ddbe90ce0170e4bc2db1e5e41d4a3ad9a4

PODFILE CHECKSUM: f686f258569a64f361351be694e7b63ca4ce4a60

COCOAPODS: 1.2.1
