// !$*UTF8*$!
{
	archiveVersion = 1;
	classes = {
	};
	objectVersion = 48;
	objects = {

/* Begin PBXBuildFile section */
		0723173735CA54B1A8B1FFE7 /* Pods_CPproject.framework in Frameworks */ = {isa = PBXBuildFile; fileRef = CA42881A0C1B2B1EE1FF4AED /* Pods_CPproject.framework */; };
		4E1A2F5AF63C28ECAAB46635 /* Pods_CPprojectTests.framework in Frameworks */ = {isa = PBXBuildFile; fileRef = C6DFDC8843DD3F1C2A658DC6 /* Pods_CPprojectTests.framework */; };
		855D07831FFEEE7F00765F83 /* AppDelegate.swift in Sources */ = {isa = PBXBuildFile; fileRef = 855D07821FFEEE7F00765F83 /* AppDelegate.swift */; };
		855D07851FFEEE7F00765F83 /* HomeViewController.swift in Sources */ = {isa = PBXBuildFile; fileRef = 855D07841FFEEE7F00765F83 /* HomeViewController.swift */; };
		855D07881FFEEE7F00765F83 /* HomeViewController.storyboard in Resources */ = {isa = PBXBuildFile; fileRef = 855D07861FFEEE7F00765F83 /* HomeViewController.storyboard */; };
		855D078A1FFEEE7F00765F83 /* Assets.xcassets in Resources */ = {isa = PBXBuildFile; fileRef = 855D07891FFEEE7F00765F83 /* Assets.xcassets */; };
		855D078D1FFEEE7F00765F83 /* LaunchScreen.storyboard in Resources */ = {isa = PBXBuildFile; fileRef = 855D078B1FFEEE7F00765F83 /* LaunchScreen.storyboard */; };
		855D07981FFEEE7F00765F83 /* CPprojectTests.swift in Sources */ = {isa = PBXBuildFile; fileRef = 855D07971FFEEE7F00765F83 /* CPprojectTests.swift */; };
		855D07AF2001337000765F83 /* CPMapBoxView.swift in Sources */ = {isa = PBXBuildFile; fileRef = 855D07AE2001337000765F83 /* CPMapBoxView.swift */; };
		855D07B12001406000765F83 /* CPMapViewProtocol.swift in Sources */ = {isa = PBXBuildFile; fileRef = 855D07B02001406000765F83 /* CPMapViewProtocol.swift */; };
		855D07B32001473000765F83 /* CPViewAnnotation.swift in Sources */ = {isa = PBXBuildFile; fileRef = 855D07B22001473000765F83 /* CPViewAnnotation.swift */; };
		855D07BD20022EEC00765F83 /* Localizable.strings in Resources */ = {isa = PBXBuildFile; fileRef = 855D07BF20022EEC00765F83 /* Localizable.strings */; };
		855D07C5200293EF00765F83 /* assets-images.swift in Sources */ = {isa = PBXBuildFile; fileRef = 855D07C3200293EF00765F83 /* assets-images.swift */; };
		855D07C6200293EF00765F83 /* strings.swift in Sources */ = {isa = PBXBuildFile; fileRef = 855D07C4200293EF00765F83 /* strings.swift */; };
		855D07C92002C57200765F83 /* HomeViewModel.swift in Sources */ = {isa = PBXBuildFile; fileRef = 855D07C82002C57200765F83 /* HomeViewModel.swift */; };
		855D07CC2002C66900765F83 /* AddressData.swift in Sources */ = {isa = PBXBuildFile; fileRef = 855D07CB2002C66900765F83 /* AddressData.swift */; };
/* End PBXBuildFile section */

/* Begin PBXContainerItemProxy section */
		855D07941FFEEE7F00765F83 /* PBXContainerItemProxy */ = {
			isa = PBXContainerItemProxy;
			containerPortal = 855D07771FFEEE7F00765F83 /* Project object */;
			proxyType = 1;
			remoteGlobalIDString = 855D077E1FFEEE7F00765F83;
			remoteInfo = CPproject;
		};
/* End PBXContainerItemProxy section */

/* Begin PBXFileReference section */
		1DF05A3D8EDE7E8CBB1A1559 /* Pods-CPprojectTests.release.xcconfig */ = {isa = PBXFileReference; includeInIndex = 1; lastKnownFileType = text.xcconfig; name = "Pods-CPprojectTests.release.xcconfig"; path = "Pods/Target Support Files/Pods-CPprojectTests/Pods-CPprojectTests.release.xcconfig"; sourceTree = "<group>"; };
		277DF2BE49924BEFDDFB93D4 /* Pods-CPproject.debug.xcconfig */ = {isa = PBXFileReference; includeInIndex = 1; lastKnownFileType = text.xcconfig; name = "Pods-CPproject.debug.xcconfig"; path = "Pods/Target Support Files/Pods-CPproject/Pods-CPproject.debug.xcconfig"; sourceTree = "<group>"; };
		2D0535B55291E5D4EF8B3897 /* Pods-CPprojectTests.debug.xcconfig */ = {isa = PBXFileReference; includeInIndex = 1; lastKnownFileType = text.xcconfig; name = "Pods-CPprojectTests.debug.xcconfig"; path = "Pods/Target Support Files/Pods-CPprojectTests/Pods-CPprojectTests.debug.xcconfig"; sourceTree = "<group>"; };
		855D077F1FFEEE7F00765F83 /* CPproject.app */ = {isa = PBXFileReference; explicitFileType = wrapper.application; includeInIndex = 0; path = CPproject.app; sourceTree = BUILT_PRODUCTS_DIR; };
		855D07821FFEEE7F00765F83 /* AppDelegate.swift */ = {isa = PBXFileReference; lastKnownFileType = sourcecode.swift; path = AppDelegate.swift; sourceTree = "<group>"; };
		855D07841FFEEE7F00765F83 /* HomeViewController.swift */ = {isa = PBXFileReference; lastKnownFileType = sourcecode.swift; path = HomeViewController.swift; sourceTree = "<group>"; };
		855D07871FFEEE7F00765F83 /* Base */ = {isa = PBXFileReference; lastKnownFileType = file.storyboard; name = Base; path = Base.lproj/HomeViewController.storyboard; sourceTree = "<group>"; };
		855D07891FFEEE7F00765F83 /* Assets.xcassets */ = {isa = PBXFileReference; lastKnownFileType = folder.assetcatalog; path = Assets.xcassets; sourceTree = "<group>"; };
		855D078C1FFEEE7F00765F83 /* Base */ = {isa = PBXFileReference; lastKnownFileType = file.storyboard; name = Base; path = Base.lproj/LaunchScreen.storyboard; sourceTree = "<group>"; };
		855D078E1FFEEE7F00765F83 /* Info.plist */ = {isa = PBXFileReference; lastKnownFileType = text.plist.xml; path = Info.plist; sourceTree = "<group>"; };
		855D07931FFEEE7F00765F83 /* CPprojectTests.xctest */ = {isa = PBXFileReference; explicitFileType = wrapper.cfbundle; includeInIndex = 0; path = CPprojectTests.xctest; sourceTree = BUILT_PRODUCTS_DIR; };
		855D07971FFEEE7F00765F83 /* CPprojectTests.swift */ = {isa = PBXFileReference; lastKnownFileType = sourcecode.swift; path = CPprojectTests.swift; sourceTree = "<group>"; };
		855D07991FFEEE7F00765F83 /* Info.plist */ = {isa = PBXFileReference; lastKnownFileType = text.plist.xml; path = Info.plist; sourceTree = "<group>"; };
		855D07AE2001337000765F83 /* CPMapBoxView.swift */ = {isa = PBXFileReference; lastKnownFileType = sourcecode.swift; path = CPMapBoxView.swift; sourceTree = "<group>"; };
		855D07B02001406000765F83 /* CPMapViewProtocol.swift */ = {isa = PBXFileReference; lastKnownFileType = sourcecode.swift; path = CPMapViewProtocol.swift; sourceTree = "<group>"; };
		855D07B22001473000765F83 /* CPViewAnnotation.swift */ = {isa = PBXFileReference; lastKnownFileType = sourcecode.swift; path = CPViewAnnotation.swift; sourceTree = "<group>"; };
		855D07B920022DC900765F83 /* fr */ = {isa = PBXFileReference; lastKnownFileType = text.plist.strings; name = fr; path = fr.lproj/HomeViewController.strings; sourceTree = "<group>"; };
		855D07BA20022DCA00765F83 /* fr */ = {isa = PBXFileReference; lastKnownFileType = text.plist.strings; name = fr; path = fr.lproj/LaunchScreen.strings; sourceTree = "<group>"; };
		855D07BE20022EEC00765F83 /* fr */ = {isa = PBXFileReference; lastKnownFileType = text.plist.strings; name = fr; path = fr.lproj/Localizable.strings; sourceTree = "<group>"; };
		855D07C020022EF100765F83 /* en */ = {isa = PBXFileReference; lastKnownFileType = text.plist.strings; name = en; path = en.lproj/Localizable.strings; sourceTree = "<group>"; };
		855D07C3200293EF00765F83 /* assets-images.swift */ = {isa = PBXFileReference; fileEncoding = 4; lastKnownFileType = sourcecode.swift; path = "assets-images.swift"; sourceTree = "<group>"; };
		855D07C4200293EF00765F83 /* strings.swift */ = {isa = PBXFileReference; fileEncoding = 4; lastKnownFileType = sourcecode.swift; path = strings.swift; sourceTree = "<group>"; };
		855D07C82002C57200765F83 /* HomeViewModel.swift */ = {isa = PBXFileReference; lastKnownFileType = sourcecode.swift; path = HomeViewModel.swift; sourceTree = "<group>"; };
		855D07CB2002C66900765F83 /* AddressData.swift */ = {isa = PBXFileReference; lastKnownFileType = sourcecode.swift; path = AddressData.swift; sourceTree = "<group>"; };
		C6DFDC8843DD3F1C2A658DC6 /* Pods_CPprojectTests.framework */ = {isa = PBXFileReference; explicitFileType = wrapper.framework; includeInIndex = 0; path = Pods_CPprojectTests.framework; sourceTree = BUILT_PRODUCTS_DIR; };
		CA42881A0C1B2B1EE1FF4AED /* Pods_CPproject.framework */ = {isa = PBXFileReference; explicitFileType = wrapper.framework; includeInIndex = 0; path = Pods_CPproject.framework; sourceTree = BUILT_PRODUCTS_DIR; };
		D7EA1C84040E483D3DD2C902 /* Pods-CPproject.release.xcconfig */ = {isa = PBXFileReference; includeInIndex = 1; lastKnownFileType = text.xcconfig; name = "Pods-CPproject.release.xcconfig"; path = "Pods/Target Support Files/Pods-CPproject/Pods-CPproject.release.xcconfig"; sourceTree = "<group>"; };
/* End PBXFileReference section */

/* Begin PBXFrameworksBuildPhase section */
		855D077C1FFEEE7F00765F83 /* Frameworks */ = {
			isa = PBXFrameworksBuildPhase;
			buildActionMask = 2147483647;
			files = (
				0723173735CA54B1A8B1FFE7 /* Pods_CPproject.framework in Frameworks */,
			);
			runOnlyForDeploymentPostprocessing = 0;
		};
		855D07901FFEEE7F00765F83 /* Frameworks */ = {
			isa = PBXFrameworksBuildPhase;
			buildActionMask = 2147483647;
			files = (
				4E1A2F5AF63C28ECAAB46635 /* Pods_CPprojectTests.framework in Frameworks */,
			);
			runOnlyForDeploymentPostprocessing = 0;
		};
/* End PBXFrameworksBuildPhase section */

/* Begin PBXGroup section */
		16A11F9973D6E1CA0930E3B8 /* Frameworks */ = {
			isa = PBXGroup;
			children = (
				CA42881A0C1B2B1EE1FF4AED /* Pods_CPproject.framework */,
				C6DFDC8843DD3F1C2A658DC6 /* Pods_CPprojectTests.framework */,
			);
			name = Frameworks;
			sourceTree = "<group>";
		};
		855D07761FFEEE7F00765F83 = {
			isa = PBXGroup;
			children = (
				855D07811FFEEE7F00765F83 /* CPproject */,
				855D07961FFEEE7F00765F83 /* CPprojectTests */,
				855D07801FFEEE7F00765F83 /* Products */,
				B5C465567A3377C00CA675EA /* Pods */,
				16A11F9973D6E1CA0930E3B8 /* Frameworks */,
			);
			sourceTree = "<group>";
		};
		855D07801FFEEE7F00765F83 /* Products */ = {
			isa = PBXGroup;
			children = (
				855D077F1FFEEE7F00765F83 /* CPproject.app */,
				855D07931FFEEE7F00765F83 /* CPprojectTests.xctest */,
			);
			name = Products;
			sourceTree = "<group>";
		};
		855D07811FFEEE7F00765F83 /* CPproject */ = {
			isa = PBXGroup;
			children = (
				855D07821FFEEE7F00765F83 /* AppDelegate.swift */,
				855D078E1FFEEE7F00765F83 /* Info.plist */,
				855D07B620022D0D00765F83 /* Supporting Files */,
				855D07CA2002C5B500765F83 /* Models */,
				855D07A41FFFAD6D00765F83 /* MapView */,
				855D07C72002C12900765F83 /* HomeMap */,
				855D078B1FFEEE7F00765F83 /* LaunchScreen.storyboard */,
			);
			path = CPproject;
			sourceTree = "<group>";
		};
		855D07961FFEEE7F00765F83 /* CPprojectTests */ = {
			isa = PBXGroup;
			children = (
				855D07971FFEEE7F00765F83 /* CPprojectTests.swift */,
				855D07991FFEEE7F00765F83 /* Info.plist */,
			);
			path = CPprojectTests;
			sourceTree = "<group>";
		};
		855D07A41FFFAD6D00765F83 /* MapView */ = {
			isa = PBXGroup;
			children = (
				855D07B02001406000765F83 /* CPMapViewProtocol.swift */,
				855D07B22001473000765F83 /* CPViewAnnotation.swift */,
				855D07AE2001337000765F83 /* CPMapBoxView.swift */,
			);
			path = MapView;
			sourceTree = "<group>";
		};
		855D07B620022D0D00765F83 /* Supporting Files */ = {
			isa = PBXGroup;
			children = (
				855D07C22002937300765F83 /* Generated */,
				855D07891FFEEE7F00765F83 /* Assets.xcassets */,
				855D07BF20022EEC00765F83 /* Localizable.strings */,
			);
			path = "Supporting Files";
			sourceTree = "<group>";
		};
		855D07C22002937300765F83 /* Generated */ = {
			isa = PBXGroup;
			children = (
				855D07C3200293EF00765F83 /* assets-images.swift */,
				855D07C4200293EF00765F83 /* strings.swift */,
			);
			path = Generated;
			sourceTree = "<group>";
		};
		855D07C72002C12900765F83 /* HomeMap */ = {
			isa = PBXGroup;
			children = (
				855D07841FFEEE7F00765F83 /* HomeViewController.swift */,
				855D07861FFEEE7F00765F83 /* HomeViewController.storyboard */,
				855D07C82002C57200765F83 /* HomeViewModel.swift */,
			);
			path = HomeMap;
			sourceTree = "<group>";
		};
		855D07CA2002C5B500765F83 /* Models */ = {
			isa = PBXGroup;
			children = (
				855D07CB2002C66900765F83 /* AddressData.swift */,
			);
			path = Models;
			sourceTree = "<group>";
		};
		B5C465567A3377C00CA675EA /* Pods */ = {
			isa = PBXGroup;
			children = (
				277DF2BE49924BEFDDFB93D4 /* Pods-CPproject.debug.xcconfig */,
				D7EA1C84040E483D3DD2C902 /* Pods-CPproject.release.xcconfig */,
				2D0535B55291E5D4EF8B3897 /* Pods-CPprojectTests.debug.xcconfig */,
				1DF05A3D8EDE7E8CBB1A1559 /* Pods-CPprojectTests.release.xcconfig */,
			);
			name = Pods;
			sourceTree = "<group>";
		};
/* End PBXGroup section */

/* Begin PBXNativeTarget section */
		855D077E1FFEEE7F00765F83 /* CPproject */ = {
			isa = PBXNativeTarget;
			buildConfigurationList = 855D079C1FFEEE7F00765F83 /* Build configuration list for PBXNativeTarget "CPproject" */;
			buildPhases = (
				76512305A113ADE98BC78241 /* [CP] Check Pods Manifest.lock */,
				855D077B1FFEEE7F00765F83 /* Sources */,
				855D077C1FFEEE7F00765F83 /* Frameworks */,
				855D077D1FFEEE7F00765F83 /* Resources */,
				DB8E3468A19881167E16FCE9 /* [CP] Embed Pods Frameworks */,
				B12CB05A96315DB800F2642B /* [CP] Copy Pods Resources */,
				855D07C12002318800765F83 /* ShellScript */,
			);
			buildRules = (
			);
			dependencies = (
			);
			name = CPproject;
			productName = CPproject;
			productReference = 855D077F1FFEEE7F00765F83 /* CPproject.app */;
			productType = "com.apple.product-type.application";
		};
		855D07921FFEEE7F00765F83 /* CPprojectTests */ = {
			isa = PBXNativeTarget;
			buildConfigurationList = 855D079F1FFEEE7F00765F83 /* Build configuration list for PBXNativeTarget "CPprojectTests" */;
			buildPhases = (
				BB81B35D26D9CC937FAE64B4 /* [CP] Check Pods Manifest.lock */,
				855D078F1FFEEE7F00765F83 /* Sources */,
				855D07901FFEEE7F00765F83 /* Frameworks */,
				855D07911FFEEE7F00765F83 /* Resources */,
				F92930E6FDB7CF0EA6ADF94F /* [CP] Embed Pods Frameworks */,
				6E3DB9A2579DCBC291BCF8A7 /* [CP] Copy Pods Resources */,
			);
			buildRules = (
			);
			dependencies = (
				855D07951FFEEE7F00765F83 /* PBXTargetDependency */,
			);
			name = CPprojectTests;
			productName = CPprojectTests;
			productReference = 855D07931FFEEE7F00765F83 /* CPprojectTests.xctest */;
			productType = "com.apple.product-type.bundle.unit-test";
		};
/* End PBXNativeTarget section */

/* Begin PBXProject section */
		855D07771FFEEE7F00765F83 /* Project object */ = {
			isa = PBXProject;
			attributes = {
				LastSwiftUpdateCheck = 0910;
				LastUpgradeCheck = 0910;
				ORGANIZATIONNAME = Edmond;
				TargetAttributes = {
					855D077E1FFEEE7F00765F83 = {
						CreatedOnToolsVersion = 9.1;
						ProvisioningStyle = Automatic;
					};
					855D07921FFEEE7F00765F83 = {
						CreatedOnToolsVersion = 9.1;
						ProvisioningStyle = Automatic;
						TestTargetID = 855D077E1FFEEE7F00765F83;
					};
				};
			};
			buildConfigurationList = 855D077A1FFEEE7F00765F83 /* Build configuration list for PBXProject "CPproject" */;
			compatibilityVersion = "Xcode 8.0";
			developmentRegion = en;
			hasScannedForEncodings = 0;
			knownRegions = (
				en,
				Base,
			);
			mainGroup = 855D07761FFEEE7F00765F83;
			productRefGroup = 855D07801FFEEE7F00765F83 /* Products */;
			projectDirPath = "";
			projectRoot = "";
			targets = (
				855D077E1FFEEE7F00765F83 /* CPproject */,
				855D07921FFEEE7F00765F83 /* CPprojectTests */,
			);
		};
/* End PBXProject section */

/* Begin PBXResourcesBuildPhase section */
		855D077D1FFEEE7F00765F83 /* Resources */ = {
			isa = PBXResourcesBuildPhase;
			buildActionMask = 2147483647;
			files = (
				855D078D1FFEEE7F00765F83 /* LaunchScreen.storyboard in Resources */,
				855D07BD20022EEC00765F83 /* Localizable.strings in Resources */,
				855D078A1FFEEE7F00765F83 /* Assets.xcassets in Resources */,
				855D07881FFEEE7F00765F83 /* HomeViewController.storyboard in Resources */,
			);
			runOnlyForDeploymentPostprocessing = 0;
		};
		855D07911FFEEE7F00765F83 /* Resources */ = {
			isa = PBXResourcesBuildPhase;
			buildActionMask = 2147483647;
			files = (
			);
			runOnlyForDeploymentPostprocessing = 0;
		};
/* End PBXResourcesBuildPhase section */

/* Begin PBXShellScriptBuildPhase section */
		6E3DB9A2579DCBC291BCF8A7 /* [CP] Copy Pods Resources */ = {
			isa = PBXShellScriptBuildPhase;
			buildActionMask = 2147483647;
			files = (
			);
			inputPaths = (
			);
			name = "[CP] Copy Pods Resources";
			outputPaths = (
			);
			runOnlyForDeploymentPostprocessing = 0;
			shellPath = /bin/sh;
			shellScript = "\"${SRCROOT}/Pods/Target Support Files/Pods-CPprojectTests/Pods-CPprojectTests-resources.sh\"\n";
			showEnvVarsInLog = 0;
		};
		76512305A113ADE98BC78241 /* [CP] Check Pods Manifest.lock */ = {
			isa = PBXShellScriptBuildPhase;
			buildActionMask = 2147483647;
			files = (
			);
			inputPaths = (
			);
			name = "[CP] Check Pods Manifest.lock";
			outputPaths = (
			);
			runOnlyForDeploymentPostprocessing = 0;
			shellPath = /bin/sh;
			shellScript = "diff \"${PODS_PODFILE_DIR_PATH}/Podfile.lock\" \"${PODS_ROOT}/Manifest.lock\" > /dev/null\nif [ $? != 0 ] ; then\n    # print error to STDERR\n    echo \"error: The sandbox is not in sync with the Podfile.lock. Run 'pod install' or update your CocoaPods installation.\" >&2\n    exit 1\nfi\n";
			showEnvVarsInLog = 0;
		};
		855D07C12002318800765F83 /* ShellScript */ = {
			isa = PBXShellScriptBuildPhase;
			buildActionMask = 2147483647;
			files = (
			);
			inputPaths = (
			);
			outputPaths = (
			);
			runOnlyForDeploymentPostprocessing = 0;
			shellPath = /bin/sh;
			shellScript = $PODS_ROOT/SwiftGen/bin/swiftgen;
		};
		B12CB05A96315DB800F2642B /* [CP] Copy Pods Resources */ = {
			isa = PBXShellScriptBuildPhase;
			buildActionMask = 2147483647;
			files = (
			);
			inputPaths = (
			);
			name = "[CP] Copy Pods Resources";
			outputPaths = (
			);
			runOnlyForDeploymentPostprocessing = 0;
			shellPath = /bin/sh;
			shellScript = "\"${SRCROOT}/Pods/Target Support Files/Pods-CPproject/Pods-CPproject-resources.sh\"\n";
			showEnvVarsInLog = 0;
		};
		BB81B35D26D9CC937FAE64B4 /* [CP] Check Pods Manifest.lock */ = {
			isa = PBXShellScriptBuildPhase;
			buildActionMask = 2147483647;
			files = (
			);
			inputPaths = (
			);
			name = "[CP] Check Pods Manifest.lock";
			outputPaths = (
			);
			runOnlyForDeploymentPostprocessing = 0;
			shellPath = /bin/sh;
			shellScript = "diff \"${PODS_PODFILE_DIR_PATH}/Podfile.lock\" \"${PODS_ROOT}/Manifest.lock\" > /dev/null\nif [ $? != 0 ] ; then\n    # print error to STDERR\n    echo \"error: The sandbox is not in sync with the Podfile.lock. Run 'pod install' or update your CocoaPods installation.\" >&2\n    exit 1\nfi\n";
			showEnvVarsInLog = 0;
		};
		DB8E3468A19881167E16FCE9 /* [CP] Embed Pods Frameworks */ = {
			isa = PBXShellScriptBuildPhase;
			buildActionMask = 2147483647;
			files = (
			);
			inputPaths = (
			);
			name = "[CP] Embed Pods Frameworks";
			outputPaths = (
			);
			runOnlyForDeploymentPostprocessing = 0;
			shellPath = /bin/sh;
			shellScript = "\"${SRCROOT}/Pods/Target Support Files/Pods-CPproject/Pods-CPproject-frameworks.sh\"\n";
			showEnvVarsInLog = 0;
		};
		F92930E6FDB7CF0EA6ADF94F /* [CP] Embed Pods Frameworks */ = {
			isa = PBXShellScriptBuildPhase;
			buildActionMask = 2147483647;
			files = (
			);
			inputPaths = (
			);
			name = "[CP] Embed Pods Frameworks";
			outputPaths = (
			);
			runOnlyForDeploymentPostprocessing = 0;
			shellPath = /bin/sh;
			shellScript = "\"${SRCROOT}/Pods/Target Support Files/Pods-CPprojectTests/Pods-CPprojectTests-frameworks.sh\"\n";
			showEnvVarsInLog = 0;
		};
/* End PBXShellScriptBuildPhase section */

/* Begin PBXSourcesBuildPhase section */
		855D077B1FFEEE7F00765F83 /* Sources */ = {
			isa = PBXSourcesBuildPhase;
			buildActionMask = 2147483647;
			files = (
				855D07B32001473000765F83 /* CPViewAnnotation.swift in Sources */,
				855D07C5200293EF00765F83 /* assets-images.swift in Sources */,
				855D07C6200293EF00765F83 /* strings.swift in Sources */,
				855D07C92002C57200765F83 /* HomeViewModel.swift in Sources */,
				855D07B12001406000765F83 /* CPMapViewProtocol.swift in Sources */,
				855D07851FFEEE7F00765F83 /* HomeViewController.swift in Sources */,
				855D07CC2002C66900765F83 /* AddressData.swift in Sources */,
				855D07AF2001337000765F83 /* CPMapBoxView.swift in Sources */,
				855D07831FFEEE7F00765F83 /* AppDelegate.swift in Sources */,
			);
			runOnlyForDeploymentPostprocessing = 0;
		};
		855D078F1FFEEE7F00765F83 /* Sources */ = {
			isa = PBXSourcesBuildPhase;
			buildActionMask = 2147483647;
			files = (
				855D07981FFEEE7F00765F83 /* CPprojectTests.swift in Sources */,
			);
			runOnlyForDeploymentPostprocessing = 0;
		};
/* End PBXSourcesBuildPhase section */

/* Begin PBXTargetDependency section */
		855D07951FFEEE7F00765F83 /* PBXTargetDependency */ = {
			isa = PBXTargetDependency;
			target = 855D077E1FFEEE7F00765F83 /* CPproject */;
			targetProxy = 855D07941FFEEE7F00765F83 /* PBXContainerItemProxy */;
		};
/* End PBXTargetDependency section */

/* Begin PBXVariantGroup section */
		855D07861FFEEE7F00765F83 /* HomeViewController.storyboard */ = {
			isa = PBXVariantGroup;
			children = (
				855D07871FFEEE7F00765F83 /* Base */,
				855D07B920022DC900765F83 /* fr */,
			);
			name = HomeViewController.storyboard;
			sourceTree = "<group>";
		};
		855D078B1FFEEE7F00765F83 /* LaunchScreen.storyboard */ = {
			isa = PBXVariantGroup;
			children = (
				855D078C1FFEEE7F00765F83 /* Base */,
				855D07BA20022DCA00765F83 /* fr */,
			);
			name = LaunchScreen.storyboard;
			sourceTree = "<group>";
		};
		855D07BF20022EEC00765F83 /* Localizable.strings */ = {
			isa = PBXVariantGroup;
			children = (
				855D07BE20022EEC00765F83 /* fr */,
				855D07C020022EF100765F83 /* en */,
			);
			name = Localizable.strings;
			sourceTree = "<group>";
		};
/* End PBXVariantGroup section */

/* Begin XCBuildConfiguration section */
		855D079A1FFEEE7F00765F83 /* Debug */ = {
			isa = XCBuildConfiguration;
			buildSettings = {
				ALWAYS_SEARCH_USER_PATHS = NO;
				CLANG_ANALYZER_LOCALIZABILITY_NONLOCALIZED = YES;
				CLANG_ANALYZER_NONNULL = YES;
				CLANG_ANALYZER_NUMBER_OBJECT_CONVERSION = YES_AGGRESSIVE;
				CLANG_CXX_LANGUAGE_STANDARD = "gnu++14";
				CLANG_CXX_LIBRARY = "libc++";
				CLANG_ENABLE_MODULES = YES;
				CLANG_ENABLE_OBJC_ARC = YES;
				CLANG_WARN_BLOCK_CAPTURE_AUTORELEASING = YES;
				CLANG_WARN_BOOL_CONVERSION = YES;
				CLANG_WARN_COMMA = YES;
				CLANG_WARN_CONSTANT_CONVERSION = YES;
				CLANG_WARN_DIRECT_OBJC_ISA_USAGE = YES_ERROR;
				CLANG_WARN_DOCUMENTATION_COMMENTS = YES;
				CLANG_WARN_EMPTY_BODY = YES;
				CLANG_WARN_ENUM_CONVERSION = YES;
				CLANG_WARN_INFINITE_RECURSION = YES;
				CLANG_WARN_INT_CONVERSION = YES;
				CLANG_WARN_NON_LITERAL_NULL_CONVERSION = YES;
				CLANG_WARN_OBJC_LITERAL_CONVERSION = YES;
				CLANG_WARN_OBJC_ROOT_CLASS = YES_ERROR;
				CLANG_WARN_RANGE_LOOP_ANALYSIS = YES;
				CLANG_WARN_STRICT_PROTOTYPES = YES;
				CLANG_WARN_SUSPICIOUS_MOVE = YES;
				CLANG_WARN_UNGUARDED_AVAILABILITY = YES_AGGRESSIVE;
				CLANG_WARN_UNREACHABLE_CODE = YES;
				CLANG_WARN__DUPLICATE_METHOD_MATCH = YES;
				CODE_SIGN_IDENTITY = "iPhone Developer";
				COPY_PHASE_STRIP = NO;
				DEBUG_INFORMATION_FORMAT = dwarf;
				ENABLE_STRICT_OBJC_MSGSEND = YES;
				ENABLE_TESTABILITY = YES;
				GCC_C_LANGUAGE_STANDARD = gnu11;
				GCC_DYNAMIC_NO_PIC = NO;
				GCC_NO_COMMON_BLOCKS = YES;
				GCC_OPTIMIZATION_LEVEL = 0;
				GCC_PREPROCESSOR_DEFINITIONS = (
					"DEBUG=1",
					"$(inherited)",
				);
				GCC_WARN_64_TO_32_BIT_CONVERSION = YES;
				GCC_WARN_ABOUT_RETURN_TYPE = YES_ERROR;
				GCC_WARN_UNDECLARED_SELECTOR = YES;
				GCC_WARN_UNINITIALIZED_AUTOS = YES_AGGRESSIVE;
				GCC_WARN_UNUSED_FUNCTION = YES;
				GCC_WARN_UNUSED_VARIABLE = YES;
				IPHONEOS_DEPLOYMENT_TARGET = 11.1;
				MTL_ENABLE_DEBUG_INFO = YES;
				ONLY_ACTIVE_ARCH = YES;
				SDKROOT = iphoneos;
				SWIFT_ACTIVE_COMPILATION_CONDITIONS = DEBUG;
				SWIFT_OPTIMIZATION_LEVEL = "-Onone";
			};
			name = Debug;
		};
		855D079B1FFEEE7F00765F83 /* Release */ = {
			isa = XCBuildConfiguration;
			buildSettings = {
				ALWAYS_SEARCH_USER_PATHS = NO;
				CLANG_ANALYZER_LOCALIZABILITY_NONLOCALIZED = YES;
				CLANG_ANALYZER_NONNULL = YES;
				CLANG_ANALYZER_NUMBER_OBJECT_CONVERSION = YES_AGGRESSIVE;
				CLANG_CXX_LANGUAGE_STANDARD = "gnu++14";
				CLANG_CXX_LIBRARY = "libc++";
				CLANG_ENABLE_MODULES = YES;
				CLANG_ENABLE_OBJC_ARC = YES;
				CLANG_WARN_BLOCK_CAPTURE_AUTORELEASING = YES;
				CLANG_WARN_BOOL_CONVERSION = YES;
				CLANG_WARN_COMMA = YES;
				CLANG_WARN_CONSTANT_CONVERSION = YES;
				CLANG_WARN_DIRECT_OBJC_ISA_USAGE = YES_ERROR;
				CLANG_WARN_DOCUMENTATION_COMMENTS = YES;
				CLANG_WARN_EMPTY_BODY = YES;
				CLANG_WARN_ENUM_CONVERSION = YES;
				CLANG_WARN_INFINITE_RECURSION = YES;
				CLANG_WARN_INT_CONVERSION = YES;
				CLANG_WARN_NON_LITERAL_NULL_CONVERSION = YES;
				CLANG_WARN_OBJC_LITERAL_CONVERSION = YES;
				CLANG_WARN_OBJC_ROOT_CLASS = YES_ERROR;
				CLANG_WARN_RANGE_LOOP_ANALYSIS = YES;
				CLANG_WARN_STRICT_PROTOTYPES = YES;
				CLANG_WARN_SUSPICIOUS_MOVE = YES;
				CLANG_WARN_UNGUARDED_AVAILABILITY = YES_AGGRESSIVE;
				CLANG_WARN_UNREACHABLE_CODE = YES;
				CLANG_WARN__DUPLICATE_METHOD_MATCH = YES;
				CODE_SIGN_IDENTITY = "iPhone Developer";
				COPY_PHASE_STRIP = NO;
				DEBUG_INFORMATION_FORMAT = "dwarf-with-dsym";
				ENABLE_NS_ASSERTIONS = NO;
				ENABLE_STRICT_OBJC_MSGSEND = YES;
				GCC_C_LANGUAGE_STANDARD = gnu11;
				GCC_NO_COMMON_BLOCKS = YES;
				GCC_WARN_64_TO_32_BIT_CONVERSION = YES;
				GCC_WARN_ABOUT_RETURN_TYPE = YES_ERROR;
				GCC_WARN_UNDECLARED_SELECTOR = YES;
				GCC_WARN_UNINITIALIZED_AUTOS = YES_AGGRESSIVE;
				GCC_WARN_UNUSED_FUNCTION = YES;
				GCC_WARN_UNUSED_VARIABLE = YES;
				IPHONEOS_DEPLOYMENT_TARGET = 11.1;
				MTL_ENABLE_DEBUG_INFO = NO;
				SDKROOT = iphoneos;
				SWIFT_OPTIMIZATION_LEVEL = "-Owholemodule";
				VALIDATE_PRODUCT = YES;
			};
			name = Release;
		};
		855D079D1FFEEE7F00765F83 /* Debug */ = {
			isa = XCBuildConfiguration;
			baseConfigurationReference = 277DF2BE49924BEFDDFB93D4 /* Pods-CPproject.debug.xcconfig */;
			buildSettings = {
				ASSETCATALOG_COMPILER_APPICON_NAME = AppIcon;
				CODE_SIGN_STYLE = Automatic;
				DEVELOPMENT_TEAM = 2XK59BB3KG;
				INFOPLIST_FILE = CPproject/Info.plist;
				LD_RUNPATH_SEARCH_PATHS = "$(inherited) @executable_path/Frameworks";
				PRODUCT_BUNDLE_IDENTIFIER = com.edmond.CPproject;
				PRODUCT_NAME = "$(TARGET_NAME)";
				SWIFT_VERSION = 4.0;
				TARGETED_DEVICE_FAMILY = "1,2";
			};
			name = Debug;
		};
		855D079E1FFEEE7F00765F83 /* Release */ = {
			isa = XCBuildConfiguration;
			baseConfigurationReference = D7EA1C84040E483D3DD2C902 /* Pods-CPproject.release.xcconfig */;
			buildSettings = {
				ASSETCATALOG_COMPILER_APPICON_NAME = AppIcon;
				CODE_SIGN_STYLE = Automatic;
				DEVELOPMENT_TEAM = 2XK59BB3KG;
				INFOPLIST_FILE = CPproject/Info.plist;
				LD_RUNPATH_SEARCH_PATHS = "$(inherited) @executable_path/Frameworks";
				PRODUCT_BUNDLE_IDENTIFIER = com.edmond.CPproject;
				PRODUCT_NAME = "$(TARGET_NAME)";
				SWIFT_VERSION = 4.0;
				TARGETED_DEVICE_FAMILY = "1,2";
			};
			name = Release;
		};
		855D07A01FFEEE7F00765F83 /* Debug */ = {
			isa = XCBuildConfiguration;
			baseConfigurationReference = 2D0535B55291E5D4EF8B3897 /* Pods-CPprojectTests.debug.xcconfig */;
			buildSettings = {
				ALWAYS_EMBED_SWIFT_STANDARD_LIBRARIES = YES;
				BUNDLE_LOADER = "$(TEST_HOST)";
				CODE_SIGN_STYLE = Automatic;
				INFOPLIST_FILE = CPprojectTests/Info.plist;
				LD_RUNPATH_SEARCH_PATHS = "$(inherited) @executable_path/Frameworks @loader_path/Frameworks";
				PRODUCT_BUNDLE_IDENTIFIER = com.edmond.CPprojectTests;
				PRODUCT_NAME = "$(TARGET_NAME)";
				SWIFT_VERSION = 4.0;
				TARGETED_DEVICE_FAMILY = "1,2";
				TEST_HOST = "$(BUILT_PRODUCTS_DIR)/CPproject.app/CPproject";
			};
			name = Debug;
		};
		855D07A11FFEEE7F00765F83 /* Release */ = {
			isa = XCBuildConfiguration;
			baseConfigurationReference = 1DF05A3D8EDE7E8CBB1A1559 /* Pods-CPprojectTests.release.xcconfig */;
			buildSettings = {
				ALWAYS_EMBED_SWIFT_STANDARD_LIBRARIES = YES;
				BUNDLE_LOADER = "$(TEST_HOST)";
				CODE_SIGN_STYLE = Automatic;
				INFOPLIST_FILE = CPprojectTests/Info.plist;
				LD_RUNPATH_SEARCH_PATHS = "$(inherited) @executable_path/Frameworks @loader_path/Frameworks";
				PRODUCT_BUNDLE_IDENTIFIER = com.edmond.CPprojectTests;
				PRODUCT_NAME = "$(TARGET_NAME)";
				SWIFT_VERSION = 4.0;
				TARGETED_DEVICE_FAMILY = "1,2";
				TEST_HOST = "$(BUILT_PRODUCTS_DIR)/CPproject.app/CPproject";
			};
			name = Release;
		};
/* End XCBuildConfiguration section */

/* Begin XCConfigurationList section */
		855D077A1FFEEE7F00765F83 /* Build configuration list for PBXProject "CPproject" */ = {
			isa = XCConfigurationList;
			buildConfigurations = (
				855D079A1FFEEE7F00765F83 /* Debug */,
				855D079B1FFEEE7F00765F83 /* Release */,
			);
			defaultConfigurationIsVisible = 0;
			defaultConfigurationName = Release;
		};
		855D079C1FFEEE7F00765F83 /* Build configuration list for PBXNativeTarget "CPproject" */ = {
			isa = XCConfigurationList;
			buildConfigurations = (
				855D079D1FFEEE7F00765F83 /* Debug */,
				855D079E1FFEEE7F00765F83 /* Release */,
			);
			defaultConfigurationIsVisible = 0;
			defaultConfigurationName = Release;
		};
		855D079F1FFEEE7F00765F83 /* Build configuration list for PBXNativeTarget "CPprojectTests" */ = {
			isa = XCConfigurationList;
			buildConfigurations = (
				855D07A01FFEEE7F00765F83 /* Debug */,
				855D07A11FFEEE7F00765F83 /* Release */,
			);
			defaultConfigurationIsVisible = 0;
			defaultConfigurationName = Release;
		};
/* End XCConfigurationList section */
	};
	rootObject = 855D07771FFEEE7F00765F83 /* Project object */;
}
